
Microsoft Visual Studio Solution File, Format Version 12.00
# Visual Studio Version 16
VisualStudioVersion = 16.0.30907.101
MinimumVisualStudioVersion = 10.0.40219.1
Project("{FAE04EC0-301F-11D3-BF4B-00C04F79EFBC}") = "Wiktor Górski projekt sem2", "Wiktor Górski projekt sem2.csproj", "{1F33FFD7-52F1-4E15-8DC7-FF31D5DF3E67}"
EndProject
Global
	GlobalSection(SolutionConfigurationPlatforms) = preSolution
		Debug|Any CPU = Debug|Any CPU
		Release|Any CPU = Release|Any CPU
	EndGlobalSection
	GlobalSection(ProjectConfigurationPlatforms) = postSolution
		{1F33FFD7-52F1-4E15-8DC7-FF31D5DF3E67}.Debug|Any CPU.ActiveCfg = Debug|Any CPU
		{1F33FFD7-52F1-4E15-8DC7-FF31D5DF3E67}.Debug|Any CPU.Build.0 = Debug|Any CPU
		{1F33FFD7-52F1-4E15-8DC7-FF31D5DF3E67}.Release|Any CPU.ActiveCfg = Release|Any CPU
		{1F33FFD7-52F1-4E15-8DC7-FF31D5DF3E67}.Release|Any CPU.Build.0 = Release|Any CPU
	EndGlobalSection
	GlobalSection(SolutionProperties) = preSolution
		HideSolutionNode = FALSE
	EndGlobalSection
	GlobalSection(ExtensibilityGlobals) = postSolution
		SolutionGuid = {349E75A1-1CF2-4DE1-A1A1-B2A6B61A983A}
	EndGlobalSection
EndGlobal
